
Microsoft Visual Studio Solution File, Format Version 12.00
# Visual Studio Version 16
VisualStudioVersion = 16.0.29209.62
MinimumVisualStudioVersion = 10.0.40219.1
Project("{F184B08F-C81C-45F6-A57F-5ABD9991F28F}") = "DashboardXpoDemo", "DashboardXpoDemo\DashboardXpoDemo.vbproj", "{85704DD8-7C1D-4F70-AB3D-28E5EB963AD9}"
EndProject
Global
	GlobalSection(SolutionConfigurationPlatforms) = preSolution
		Debug|Any CPU = Debug|Any CPU
		Release|Any CPU = Release|Any CPU
	EndGlobalSection
	GlobalSection(ProjectConfigurationPlatforms) = postSolution
		{85704DD8-7C1D-4F70-AB3D-28E5EB963AD9}.Debug|Any CPU.ActiveCfg = Debug|Any CPU
		{85704DD8-7C1D-4F70-AB3D-28E5EB963AD9}.Debug|Any CPU.Build.0 = Debug|Any CPU
		{85704DD8-7C1D-4F70-AB3D-28E5EB963AD9}.Release|Any CPU.ActiveCfg = Release|Any CPU
		{85704DD8-7C1D-4F70-AB3D-28E5EB963AD9}.Release|Any CPU.Build.0 = Release|Any CPU
	EndGlobalSection
	GlobalSection(SolutionProperties) = preSolution
		HideSolutionNode = FALSE
	EndGlobalSection
	GlobalSection(ExtensibilityGlobals) = postSolution
		SolutionGuid = {3F83F534-EBC9-4523-BEB2-89C500B0C52C}
	EndGlobalSection
EndGlobal
